
Microsoft Visual Studio Solution File, Format Version 12.00
# Visual Studio Version 16
VisualStudioVersion = 16.0.30114.105
MinimumVisualStudioVersion = 10.0.40219.1
Project("{2150E333-8FDC-42A3-9474-1A3956D46DE8}") = "src", "src", "{3B3F5AC3-D31D-4172-8D59-975784CECB6A}"
EndProject
Project("{FAE04EC0-301F-11D3-BF4B-00C04F79EFBC}") = "SimpleAPI", "src\SimpleAPI\SimpleAPI.csproj", "{96716E8A-66C3-4A27-8788-C369AD1D77A8}"
EndProject
Project("{2150E333-8FDC-42A3-9474-1A3956D46DE8}") = "test", "test", "{408DEB5A-7EFC-4730-B945-2A34883B9C33}"
EndProject
Project("{FAE04EC0-301F-11D3-BF4B-00C04F79EFBC}") = "SimpleAPI.Test", "test\SimpleAPI.Test\SimpleAPI.Test.csproj", "{DE6B80D2-557F-460B-9721-E95B6913FA04}"
EndProject
Global
	GlobalSection(SolutionConfigurationPlatforms) = preSolution
		Debug|Any CPU = Debug|Any CPU
		Release|Any CPU = Release|Any CPU
	EndGlobalSection
	GlobalSection(SolutionProperties) = preSolution
		HideSolutionNode = FALSE
	EndGlobalSection
	GlobalSection(ProjectConfigurationPlatforms) = postSolution
		{96716E8A-66C3-4A27-8788-C369AD1D77A8}.Debug|Any CPU.ActiveCfg = Debug|Any CPU
		{96716E8A-66C3-4A27-8788-C369AD1D77A8}.Debug|Any CPU.Build.0 = Debug|Any CPU
		{96716E8A-66C3-4A27-8788-C369AD1D77A8}.Release|Any CPU.ActiveCfg = Release|Any CPU
		{96716E8A-66C3-4A27-8788-C369AD1D77A8}.Release|Any CPU.Build.0 = Release|Any CPU
		{DE6B80D2-557F-460B-9721-E95B6913FA04}.Debug|Any CPU.ActiveCfg = Debug|Any CPU
		{DE6B80D2-557F-460B-9721-E95B6913FA04}.Debug|Any CPU.Build.0 = Debug|Any CPU
		{DE6B80D2-557F-460B-9721-E95B6913FA04}.Release|Any CPU.ActiveCfg = Release|Any CPU
		{DE6B80D2-557F-460B-9721-E95B6913FA04}.Release|Any CPU.Build.0 = Release|Any CPU
	EndGlobalSection
	GlobalSection(NestedProjects) = preSolution
		{96716E8A-66C3-4A27-8788-C369AD1D77A8} = {3B3F5AC3-D31D-4172-8D59-975784CECB6A}
		{DE6B80D2-557F-460B-9721-E95B6913FA04} = {408DEB5A-7EFC-4730-B945-2A34883B9C33}
	EndGlobalSection
EndGlobal
